Microsoft Visual Studio Solution File, Format Version 12.00
# Visual Studio Version 17
VisualStudioVersion = 17.5.2.0
MinimumVisualStudioVersion = 10.0.40219.1
Project("{FAE04EC0-301F-11D3-BF4B-00C04F79EFBC}") = "SalesOrderAPI", "SalesOrderAPI.csproj", "{43F3646F-0250-681A-0BBB-BEA877AFCB55}"
EndProject
Global
	GlobalSection(SolutionConfigurationPlatforms) = preSolution
		Debug|Any CPU = Debug|Any CPU
		Release|Any CPU = Release|Any CPU
	EndGlobalSection
	GlobalSection(ProjectConfigurationPlatforms) = postSolution
		{43F3646F-0250-681A-0BBB-BEA877AFCB55}.Debug|Any CPU.ActiveCfg = Debug|Any CPU
		{43F3646F-0250-681A-0BBB-BEA877AFCB55}.Debug|Any CPU.Build.0 = Debug|Any CPU
		{43F3646F-0250-681A-0BBB-BEA877AFCB55}.Release|Any CPU.ActiveCfg = Release|Any CPU
		{43F3646F-0250-681A-0BBB-BEA877AFCB55}.Release|Any CPU.Build.0 = Release|Any CPU
	EndGlobalSection
	GlobalSection(SolutionProperties) = preSolution
		HideSolutionNode = FALSE
	EndGlobalSection
	GlobalSection(ExtensibilityGlobals) = postSolution
		SolutionGuid = {CCEADCC7-AE90-481C-ADB6-F89CD2382EC0}
	EndGlobalSection
EndGlobal
